{
  "nodes": {
    "check-flake": {
      "locked": {
        "lastModified": 1683070462,
        "narHash": "sha256-FrfgxQaMGIMGGgT1K0jbGEiXqZoIyyUR8jzuJ03Cf00=",
        "owner": "srid",
        "repo": "check-flake",
        "rev": "24ba082179435ce37085c06ffcfcac6d4c570674",
        "type": "github"
      },
      "original": {
        "owner": "srid",
        "repo": "check-flake",
        "type": "github"
      }
    },
    "flake-parts": {
      "inputs": {
        "nixpkgs-lib": "nixpkgs-lib"
      },
      "locked": {
        "lastModified": 1709336216,
        "narHash": "sha256-Dt/wOWeW6Sqm11Yh+2+t0dfEWxoMxGBvv3JpIocFl9E=",
        "owner": "hercules-ci",
        "repo": "flake-parts",
        "rev": "f7b3c975cf067e56e7cda6cb098ebe3fb4d74ca2",
        "type": "github"
      },
      "original": {
        "owner": "hercules-ci",
        "repo": "flake-parts",
        "type": "github"
      }
    },
    "haskell-flake": {
      "locked": {
        "lastModified": 1711149116,
        "narHash": "sha256-tccTtjRvxrhSJkCnmNwaPrq0DDM3UsM0uiDyW4uJXXc=",
        "owner": "srid",
        "repo": "haskell-flake",
        "rev": "6ae8a85071adfe08d70d9963c526947403c6c070",
        "type": "github"
      },
      "original": {
        "owner": "srid",
        "repo": "haskell-flake",
        "type": "github"
      }
    },
    "nixpkgs": {
      "locked": {
        "lastModified": 1711200738,
        "narHash": "sha256-dkJmk/ET/tRV4007O6kU101UEg1svUwiyk/zEEX9Tdg=",
        "owner": "nixos",
        "repo": "nixpkgs",
        "rev": "20bc93ca7b2158ebc99b8cef987a2173a81cde35",
        "type": "github"
      },
      "original": {
        "owner": "nixos",
        "ref": "nixpkgs-unstable",
        "repo": "nixpkgs",
        "type": "github"
      }
    },
    "nixpkgs-lib": {
      "locked": {
        "dir": "lib",
        "lastModified": 1709237383,
        "narHash": "sha256-cy6ArO4k5qTx+l5o+0mL9f5fa86tYUX3ozE1S+Txlds=",
        "owner": "NixOS",
        "repo": "nixpkgs",
        "rev": "1536926ef5621b09bba54035ae2bb6d806d72ac8",
        "type": "github"
      },
      "original": {
        "dir": "lib",
        "owner": "NixOS",
        "ref": "nixos-unstable",
        "repo": "nixpkgs",
        "type": "github"
      }
    },
    "root": {
      "inputs": {
        "check-flake": "check-flake",
        "flake-parts": "flake-parts",
        "haskell-flake": "haskell-flake",
        "nixpkgs": "nixpkgs",
        "treefmt-flake": "treefmt-flake"
      }
    },
    "treefmt-flake": {
      "locked": {
        "lastModified": 1669929251,
        "narHash": "sha256-+qgCD89JyZhBNF4m/HuuVrpoRoXMTl5F60mJzr3QPNM=",
        "owner": "srid",
        "repo": "treefmt-flake",
        "rev": "86341cd4a0ce21556a348fd27a4797997d27be00",
        "type": "github"
      },
      "original": {
        "owner": "srid",
        "repo": "treefmt-flake",
        "type": "github"
      }
    }
  },
  "root": "root",
  "version": 7
}
